github.com/go-python/cpy3 v0.2.0 h1:IQ8v6KOTGSvejROZ8BPCfVW4rSMOKfpVwDi6sKYuu1w=
github.com/go-python/cpy3 v0.2.0/go.mod h1:W7F8SGWQv11501PYSj9d+NSv8U0/vWYa+FcMxBu4eqo=
github.com/ledongthuc/pdf v0.0.0-20240201131950-da5b75280b06 h1:kacRlPN7EN++tVpGUorNGPn/4DnB7/DfTY82AOn6ccU=
github.com/ledongthuc/pdf v0.0.0-20240201131950-da5b75280b06/go.mod h1:imJHygn/1yfhB7XSJJKlFZKl/J+dCPAknuiaGOshXAs=
github.com/richardlehane/msoleps v1.0.4 h1:WuESlvhX3gH2IHcd8UqyCuFY5yiq/GR/yqaSM/9/g00=
github.com/richardlehane/msoleps v1.0.4/go.mod h1:BWev5JBpU9Ko2WAgmZEuiz4/u3ZYTKbjLycmwiWUfWg=
github.com/unidoc/unioffice v1.39.0 h1:Wo5zvrzCqhyK/1Zi5dg8a5F5+NRftIMZPnFPYwruLto=
github.com/unidoc/unioffice v1.39.0/go.mod h1:Axz6ltIZZTUUyHoEnPe4Mb3VmsN4TRHT5iZCGZ1rgnU=
